// !$*UTF8*$!
{
	archiveVersion = 1;
	classes = {
	};
	objectVersion = 77;
	objects = {

/* Begin PBXBuildFile section */
		DF4625B12D81E22600518874 /* DetailViewController.swift in Sources */ = {isa = PBXBuildFile; fileRef = DF4625B02D81E22600518874 /* DetailViewController.swift */; };
		DF4625B32D81E4A600518874 /* DetailView.swift in Sources */ = {isa = PBXBuildFile; fileRef = DF4625B22D81E4A600518874 /* DetailView.swift */; };
		DF9C70DE2D81C15800F77B8B /* Assets.xcassets in Resources */ = {isa = PBXBuildFile; fileRef = DF9C70D82D81C15800F77B8B /* Assets.xcassets */; };
		DF9C70E02D81C15800F77B8B /* LaunchScreen.storyboard in Resources */ = {isa = PBXBuildFile; fileRef = DF9C70DB2D81C15800F77B8B /* LaunchScreen.storyboard */; };
		DF9C70E12D81C15800F77B8B /* FirstViewController.swift in Sources */ = {isa = PBXBuildFile; fileRef = DF9C70CD2D81C15800F77B8B /* FirstViewController.swift */; };
		DF9C70E22D81C15800F77B8B /* SecondViewController.swift in Sources */ = {isa = PBXBuildFile; fileRef = DF9C70CE2D81C15800F77B8B /* SecondViewController.swift */; };
		DF9C70E32D81C15800F77B8B /* Constants.swift in Sources */ = {isa = PBXBuildFile; fileRef = DF9C70D02D81C15800F77B8B /* Constants.swift */; };
		DF9C70E42D81C15800F77B8B /* Music.swift in Sources */ = {isa = PBXBuildFile; fileRef = DF9C70D22D81C15800F77B8B /* Music.swift */; };
		DF9C70E52D81C15800F77B8B /* NetworkManager.swift in Sources */ = {isa = PBXBuildFile; fileRef = DF9C70D42D81C15800F77B8B /* NetworkManager.swift */; };
		DF9C70E62D81C15800F77B8B /* AppDelegate.swift in Sources */ = {isa = PBXBuildFile; fileRef = DF9C70D72D81C15800F77B8B /* AppDelegate.swift */; };
		DF9C70E72D81C15800F77B8B /* SceneDelegate.swift in Sources */ = {isa = PBXBuildFile; fileRef = DF9C70DC2D81C15800F77B8B /* SceneDelegate.swift */; };
		DF9C70E92D81C37900F77B8B /* MusicTableViewCell.swift in Sources */ = {isa = PBXBuildFile; fileRef = DF9C70E82D81C37900F77B8B /* MusicTableViewCell.swift */; };
/* End PBXBuildFile section */

/* Begin PBXFileReference section */
		DF4625B02D81E22600518874 /* DetailViewController.swift */ = {isa = PBXFileReference; lastKnownFileType = sourcecode.swift; path = DetailViewController.swift; sourceTree = "<group>"; };
		DF4625B22D81E4A600518874 /* DetailView.swift */ = {isa = PBXFileReference; lastKnownFileType = sourcecode.swift; path = DetailView.swift; sourceTree = "<group>"; };
		DF9C70A02D81BAFA00F77B8B /* MusicApp.app */ = {isa = PBXFileReference; explicitFileType = wrapper.application; includeInIndex = 0; path = MusicApp.app; sourceTree = BUILT_PRODUCTS_DIR; };
		DF9C70CD2D81C15800F77B8B /* FirstViewController.swift */ = {isa = PBXFileReference; lastKnownFileType = sourcecode.swift; path = FirstViewController.swift; sourceTree = "<group>"; };
		DF9C70CE2D81C15800F77B8B /* SecondViewController.swift */ = {isa = PBXFileReference; lastKnownFileType = sourcecode.swift; path = SecondViewController.swift; sourceTree = "<group>"; };
		DF9C70D02D81C15800F77B8B /* Constants.swift */ = {isa = PBXFileReference; lastKnownFileType = sourcecode.swift; path = Constants.swift; sourceTree = "<group>"; };
		DF9C70D22D81C15800F77B8B /* Music.swift */ = {isa = PBXFileReference; lastKnownFileType = sourcecode.swift; path = Music.swift; sourceTree = "<group>"; };
		DF9C70D42D81C15800F77B8B /* NetworkManager.swift */ = {isa = PBXFileReference; lastKnownFileType = sourcecode.swift; path = NetworkManager.swift; sourceTree = "<group>"; };
		DF9C70D72D81C15800F77B8B /* AppDelegate.swift */ = {isa = PBXFileReference; lastKnownFileType = sourcecode.swift; path = AppDelegate.swift; sourceTree = "<group>"; };
		DF9C70D82D81C15800F77B8B /* Assets.xcassets */ = {isa = PBXFileReference; lastKnownFileType = folder.assetcatalog; path = Assets.xcassets; sourceTree = "<group>"; };
		DF9C70D92D81C15800F77B8B /* Info.plist */ = {isa = PBXFileReference; lastKnownFileType = text.plist.xml; path = Info.plist; sourceTree = "<group>"; };
		DF9C70DA2D81C15800F77B8B /* Base */ = {isa = PBXFileReference; lastKnownFileType = file.storyboard; name = Base; path = Base.lproj/LaunchScreen.storyboard; sourceTree = "<group>"; };
		DF9C70DC2D81C15800F77B8B /* SceneDelegate.swift */ = {isa = PBXFileReference; lastKnownFileType = sourcecode.swift; path = SceneDelegate.swift; sourceTree = "<group>"; };
		DF9C70E82D81C37900F77B8B /* MusicTableViewCell.swift */ = {isa = PBXFileReference; lastKnownFileType = sourcecode.swift; path = MusicTableViewCell.swift; sourceTree = "<group>"; };
/* End PBXFileReference section */

/* Begin PBXFrameworksBuildPhase section */
		DF9C709D2D81BAFA00F77B8B /* Frameworks */ = {
			isa = PBXFrameworksBuildPhase;
			buildActionMask = 2147483647;
			files = (
			);
			runOnlyForDeploymentPostprocessing = 0;
		};
/* End PBXFrameworksBuildPhase section */

/* Begin PBXGroup section */
		DF9C70972D81BAFA00F77B8B = {
			isa = PBXGroup;
			children = (
				DF9C70DD2D81C15800F77B8B /* MusicApp */,
				DF9C70A12D81BAFA00F77B8B /* Products */,
			);
			sourceTree = "<group>";
		};
		DF9C70A12D81BAFA00F77B8B /* Products */ = {
			isa = PBXGroup;
			children = (
				DF9C70A02D81BAFA00F77B8B /* MusicApp.app */,
			);
			name = Products;
			sourceTree = "<group>";
		};
		DF9C70CF2D81C15800F77B8B /* Controllers */ = {
			isa = PBXGroup;
			children = (
				DF9C70CD2D81C15800F77B8B /* FirstViewController.swift */,
				DF9C70CE2D81C15800F77B8B /* SecondViewController.swift */,
				DF4625B02D81E22600518874 /* DetailViewController.swift */,
			);
			path = Controllers;
			sourceTree = "<group>";
		};
		DF9C70D12D81C15800F77B8B /* Helphers */ = {
			isa = PBXGroup;
			children = (
				DF9C70D02D81C15800F77B8B /* Constants.swift */,
			);
			path = Helphers;
			sourceTree = "<group>";
		};
		DF9C70D32D81C15800F77B8B /* Models */ = {
			isa = PBXGroup;
			children = (
				DF9C70D22D81C15800F77B8B /* Music.swift */,
			);
			path = Models;
			sourceTree = "<group>";
		};
		DF9C70D52D81C15800F77B8B /* Networking */ = {
			isa = PBXGroup;
			children = (
				DF9C70D42D81C15800F77B8B /* NetworkManager.swift */,
			);
			path = Networking;
			sourceTree = "<group>";
		};
		DF9C70D62D81C15800F77B8B /* Views */ = {
			isa = PBXGroup;
			children = (
				DF9C70E82D81C37900F77B8B /* MusicTableViewCell.swift */,
				DF4625B22D81E4A600518874 /* DetailView.swift */,
			);
			path = Views;
			sourceTree = "<group>";
		};
		DF9C70DD2D81C15800F77B8B /* MusicApp */ = {
			isa = PBXGroup;
			children = (
				DF9C70D72D81C15800F77B8B /* AppDelegate.swift */,
				DF9C70DC2D81C15800F77B8B /* SceneDelegate.swift */,
				DF9C70CF2D81C15800F77B8B /* Controllers */,
				DF9C70D12D81C15800F77B8B /* Helphers */,
				DF9C70D32D81C15800F77B8B /* Models */,
				DF9C70D52D81C15800F77B8B /* Networking */,
				DF9C70D62D81C15800F77B8B /* Views */,
				DF9C70D82D81C15800F77B8B /* Assets.xcassets */,
				DF9C70D92D81C15800F77B8B /* Info.plist */,
				DF9C70DB2D81C15800F77B8B /* LaunchScreen.storyboard */,
			);
			path = MusicApp;
			sourceTree = "<group>";
		};
/* End PBXGroup section */

/* Begin PBXNativeTarget section */
		DF9C709F2D81BAFA00F77B8B /* MusicApp */ = {
			isa = PBXNativeTarget;
			buildConfigurationList = DF9C70B32D81BAFB00F77B8B /* Build configuration list for PBXNativeTarget "MusicApp" */;
			buildPhases = (
				DF9C709C2D81BAFA00F77B8B /* Sources */,
				DF9C709D2D81BAFA00F77B8B /* Frameworks */,
				DF9C709E2D81BAFA00F77B8B /* Resources */,
			);
			buildRules = (
			);
			dependencies = (
			);
			name = MusicApp;
			packageProductDependencies = (
			);
			productName = MusicApp;
			productReference = DF9C70A02D81BAFA00F77B8B /* MusicApp.app */;
			productType = "com.apple.product-type.application";
		};
/* End PBXNativeTarget section */

/* Begin PBXProject section */
		DF9C70982D81BAFA00F77B8B /* Project object */ = {
			isa = PBXProject;
			attributes = {
				BuildIndependentTargetsInParallel = 1;
				LastSwiftUpdateCheck = 1620;
				LastUpgradeCheck = 1620;
				TargetAttributes = {
					DF9C709F2D81BAFA00F77B8B = {
						CreatedOnToolsVersion = 16.2;
					};
				};
			};
			buildConfigurationList = DF9C709B2D81BAFA00F77B8B /* Build configuration list for PBXProject "MusicApp" */;
			developmentRegion = en;
			hasScannedForEncodings = 0;
			knownRegions = (
				en,
				Base,
			);
			mainGroup = DF9C70972D81BAFA00F77B8B;
			minimizedProjectReferenceProxies = 1;
			preferredProjectObjectVersion = 77;
			productRefGroup = DF9C70A12D81BAFA00F77B8B /* Products */;
			projectDirPath = "";
			projectRoot = "";
			targets = (
				DF9C709F2D81BAFA00F77B8B /* MusicApp */,
			);
		};
/* End PBXProject section */

/* Begin PBXResourcesBuildPhase section */
		DF9C709E2D81BAFA00F77B8B /* Resources */ = {
			isa = PBXResourcesBuildPhase;
			buildActionMask = 2147483647;
			files = (
				DF9C70DE2D81C15800F77B8B /* Assets.xcassets in Resources */,
				DF9C70E02D81C15800F77B8B /* LaunchScreen.storyboard in Resources */,
			);
			runOnlyForDeploymentPostprocessing = 0;
		};
/* End PBXResourcesBuildPhase section */

/* Begin PBXSourcesBuildPhase section */
		DF9C709C2D81BAFA00F77B8B /* Sources */ = {
			isa = PBXSourcesBuildPhase;
			buildActionMask = 2147483647;
			files = (
				DF4625B12D81E22600518874 /* DetailViewController.swift in Sources */,
				DF9C70E12D81C15800F77B8B /* FirstViewController.swift in Sources */,
				DF9C70E22D81C15800F77B8B /* SecondViewController.swift in Sources */,
				DF4625B32D81E4A600518874 /* DetailView.swift in Sources */,
				DF9C70E32D81C15800F77B8B /* Constants.swift in Sources */,
				DF9C70E42D81C15800F77B8B /* Music.swift in Sources */,
				DF9C70E52D81C15800F77B8B /* NetworkManager.swift in Sources */,
				DF9C70E62D81C15800F77B8B /* AppDelegate.swift in Sources */,
				DF9C70E72D81C15800F77B8B /* SceneDelegate.swift in Sources */,
				DF9C70E92D81C37900F77B8B /* MusicTableViewCell.swift in Sources */,
			);
			runOnlyForDeploymentPostprocessing = 0;
		};
/* End PBXSourcesBuildPhase section */

/* Begin PBXVariantGroup section */
		DF9C70DB2D81C15800F77B8B /* LaunchScreen.storyboard */ = {
			isa = PBXVariantGroup;
			children = (
				DF9C70DA2D81C15800F77B8B /* Base */,
			);
			name = LaunchScreen.storyboard;
			sourceTree = "<group>";
		};
/* End PBXVariantGroup section */

/* Begin XCBuildConfiguration section */
		DF9C70B42D81BAFB00F77B8B /* Debug */ = {
			isa = XCBuildConfiguration;
			buildSettings = {
				ASSETCATALOG_COMPILER_APPICON_NAME = AppIcon;
				ASSETCATALOG_COMPILER_GLOBAL_ACCENT_COLOR_NAME = AccentColor;
				CODE_SIGN_STYLE = Automatic;
				CURRENT_PROJECT_VERSION = 1;
				DEVELOPMENT_TEAM = LGX4B4WC66;
				GENERATE_INFOPLIST_FILE = YES;
				INFOPLIST_FILE = MusicApp/Info.plist;
				INFOPLIST_KEY_UIApplicationSupportsIndirectInputEvents = YES;
				INFOPLIST_KEY_UILaunchStoryboardName = LaunchScreen;
				INFOPLIST_KEY_UIMainStoryboardFile = "";
				INFOPLIST_KEY_UISupportedInterfaceOrientations = UIInterfaceOrientationPortrait;
				INFOPLIST_KEY_UIUserInterfaceStyle = Dark;
				IPHONEOS_DEPLOYMENT_TARGET = 17;
				LD_RUNPATH_SEARCH_PATHS = (
					"$(inherited)",
					"@executable_path/Frameworks",
				);
				MARKETING_VERSION = 1.0;
				PRODUCT_BUNDLE_IDENTIFIER = com.indextrown.MusicApp;
				PRODUCT_NAME = "$(TARGET_NAME)";
				SUPPORTED_PLATFORMS = "iphoneos iphonesimulator";
				SUPPORTS_MACCATALYST = NO;
				SUPPORTS_MAC_DESIGNED_FOR_IPHONE_IPAD = NO;
				SUPPORTS_XR_DESIGNED_FOR_IPHONE_IPAD = NO;
				SWIFT_EMIT_LOC_STRINGS = YES;
				SWIFT_VERSION = 5.0;
				TARGETED_DEVICE_FAMILY = 1;
			};
			name = Debug;
		};
		DF9C70B52D81BAFB00F77B8B /* Release */ = {
			isa = XCBuildConfiguration;
			buildSettings = {
				ASSETCATALOG_COMPILER_APPICON_NAME = AppIcon;
				ASSETCATALOG_COMPILER_GLOBAL_ACCENT_COLOR_NAME = AccentColor;
				CODE_SIGN_STYLE = Automatic;
				CURRENT_PROJECT_VERSION = 1;
				DEVELOPMENT_TEAM = LGX4B4WC66;
				GENERATE_INFOPLIST_FILE = YES;
				INFOPLIST_FILE = MusicApp/Info.plist;
				INFOPLIST_KEY_UIApplicationSupportsIndirectInputEvents = YES;
				INFOPLIST_KEY_UILaunchStoryboardName = LaunchScreen;
				INFOPLIST_KEY_UIMainStoryboardFile = "";
				INFOPLIST_KEY_UISupportedInterfaceOrientations = UIInterfaceOrientationPortrait;
				INFOPLIST_KEY_UIUserInterfaceStyle = Dark;
				IPHONEOS_DEPLOYMENT_TARGET = 17;
				LD_RUNPATH_SEARCH_PATHS = (
					"$(inherited)",
					"@executable_path/Frameworks",
				);
				MARKETING_VERSION = 1.0;
				PRODUCT_BUNDLE_IDENTIFIER = com.indextrown.MusicApp;
				PRODUCT_NAME = "$(TARGET_NAME)";
				SUPPORTED_PLATFORMS = "iphoneos iphonesimulator";
				SUPPORTS_MACCATALYST = NO;
				SUPPORTS_MAC_DESIGNED_FOR_IPHONE_IPAD = NO;
				SUPPORTS_XR_DESIGNED_FOR_IPHONE_IPAD = NO;
				SWIFT_EMIT_LOC_STRINGS = YES;
				SWIFT_VERSION = 5.0;
				TARGETED_DEVICE_FAMILY = 1;
			};
			name = Release;
		};
		DF9C70B62D81BAFB00F77B8B /* Debug */ = {
			isa = XCBuildConfiguration;
			buildSettings = {
				ALWAYS_SEARCH_USER_PATHS = NO;
				ASSETCATALOG_COMPILER_GENERATE_SWIFT_ASSET_SYMBOL_EXTENSIONS = YES;
				CLANG_ANALYZER_NONNULL = YES;
				CLANG_ANALYZER_NUMBER_OBJECT_CONVERSION = YES_AGGRESSIVE;
				CLANG_CXX_LANGUAGE_STANDARD = "gnu++20";
				CLANG_ENABLE_MODULES = YES;
				CLANG_ENABLE_OBJC_ARC = YES;
				CLANG_ENABLE_OBJC_WEAK = YES;
				CLANG_WARN_BLOCK_CAPTURE_AUTORELEASING = YES;
				CLANG_WARN_BOOL_CONVERSION = YES;
				CLANG_WARN_COMMA = YES;
				CLANG_WARN_CONSTANT_CONVERSION = YES;
				CLANG_WARN_DEPRECATED_OBJC_IMPLEMENTATIONS = YES;
				CLANG_WARN_DIRECT_OBJC_ISA_USAGE = YES_ERROR;
				CLANG_WARN_DOCUMENTATION_COMMENTS = YES;
				CLANG_WARN_EMPTY_BODY = YES;
				CLANG_WARN_ENUM_CONVERSION = YES;
				CLANG_WARN_INFINITE_RECURSION = YES;
				CLANG_WARN_INT_CONVERSION = YES;
				CLANG_WARN_NON_LITERAL_NULL_CONVERSION = YES;
				CLANG_WARN_OBJC_IMPLICIT_RETAIN_SELF = YES;
				CLANG_WARN_OBJC_LITERAL_CONVERSION = YES;
				CLANG_WARN_OBJC_ROOT_CLASS = YES_ERROR;
				CLANG_WARN_QUOTED_INCLUDE_IN_FRAMEWORK_HEADER = YES;
				CLANG_WARN_RANGE_LOOP_ANALYSIS = YES;
				CLANG_WARN_STRICT_PROTOTYPES = YES;
				CLANG_WARN_SUSPICIOUS_MOVE = YES;
				CLANG_WARN_UNGUARDED_AVAILABILITY = YES_AGGRESSIVE;
				CLANG_WARN_UNREACHABLE_CODE = YES;
				CLANG_WARN__DUPLICATE_METHOD_MATCH = YES;
				COPY_PHASE_STRIP = NO;
				DEBUG_INFORMATION_FORMAT = dwarf;
				ENABLE_STRICT_OBJC_MSGSEND = YES;
				ENABLE_TESTABILITY = YES;
				ENABLE_USER_SCRIPT_SANDBOXING = YES;
				GCC_C_LANGUAGE_STANDARD = gnu17;
				GCC_DYNAMIC_NO_PIC = NO;
				GCC_NO_COMMON_BLOCKS = YES;
				GCC_OPTIMIZATION_LEVEL = 0;
				GCC_PREPROCESSOR_DEFINITIONS = (
					"DEBUG=1",
					"$(inherited)",
				);
				GCC_WARN_64_TO_32_BIT_CONVERSION = YES;
				GCC_WARN_ABOUT_RETURN_TYPE = YES_ERROR;
				GCC_WARN_UNDECLARED_SELECTOR = YES;
				GCC_WARN_UNINITIALIZED_AUTOS = YES_AGGRESSIVE;
				GCC_WARN_UNUSED_FUNCTION = YES;
				GCC_WARN_UNUSED_VARIABLE = YES;
				IPHONEOS_DEPLOYMENT_TARGET = 18.2;
				LOCALIZATION_PREFERS_STRING_CATALOGS = YES;
				MTL_ENABLE_DEBUG_INFO = INCLUDE_SOURCE;
				MTL_FAST_MATH = YES;
				ONLY_ACTIVE_ARCH = YES;
				SDKROOT = iphoneos;
				SWIFT_ACTIVE_COMPILATION_CONDITIONS = "DEBUG $(inherited)";
				SWIFT_OPTIMIZATION_LEVEL = "-Onone";
			};
			name = Debug;
		};
		DF9C70B72D81BAFB00F77B8B /* Release */ = {
			isa = XCBuildConfiguration;
			buildSettings = {
				ALWAYS_SEARCH_USER_PATHS = NO;
				ASSETCATALOG_COMPILER_GENERATE_SWIFT_ASSET_SYMBOL_EXTENSIONS = YES;
				CLANG_ANALYZER_NONNULL = YES;
				CLANG_ANALYZER_NUMBER_OBJECT_CONVERSION = YES_AGGRESSIVE;
				CLANG_CXX_LANGUAGE_STANDARD = "gnu++20";
				CLANG_ENABLE_MODULES = YES;
				CLANG_ENABLE_OBJC_ARC = YES;
				CLANG_ENABLE_OBJC_WEAK = YES;
				CLANG_WARN_BLOCK_CAPTURE_AUTORELEASING = YES;
				CLANG_WARN_BOOL_CONVERSION = YES;
				CLANG_WARN_COMMA = YES;
				CLANG_WARN_CONSTANT_CONVERSION = YES;
				CLANG_WARN_DEPRECATED_OBJC_IMPLEMENTATIONS = YES;
				CLANG_WARN_DIRECT_OBJC_ISA_USAGE = YES_ERROR;
				CLANG_WARN_DOCUMENTATION_COMMENTS = YES;
				CLANG_WARN_EMPTY_BODY = YES;
				CLANG_WARN_ENUM_CONVERSION = YES;
				CLANG_WARN_INFINITE_RECURSION = YES;
				CLANG_WARN_INT_CONVERSION = YES;
				CLANG_WARN_NON_LITERAL_NULL_CONVERSION = YES;
				CLANG_WARN_OBJC_IMPLICIT_RETAIN_SELF = YES;
				CLANG_WARN_OBJC_LITERAL_CONVERSION = YES;
				CLANG_WARN_OBJC_ROOT_CLASS = YES_ERROR;
				CLANG_WARN_QUOTED_INCLUDE_IN_FRAMEWORK_HEADER = YES;
				CLANG_WARN_RANGE_LOOP_ANALYSIS = YES;
				CLANG_WARN_STRICT_PROTOTYPES = YES;
				CLANG_WARN_SUSPICIOUS_MOVE = YES;
				CLANG_WARN_UNGUARDED_AVAILABILITY = YES_AGGRESSIVE;
				CLANG_WARN_UNREACHABLE_CODE = YES;
				CLANG_WARN__DUPLICATE_METHOD_MATCH = YES;
				COPY_PHASE_STRIP = NO;
				DEBUG_INFORMATION_FORMAT = "dwarf-with-dsym";
				ENABLE_NS_ASSERTIONS = NO;
				ENABLE_STRICT_OBJC_MSGSEND = YES;
				ENABLE_USER_SCRIPT_SANDBOXING = YES;
				GCC_C_LANGUAGE_STANDARD = gnu17;
				GCC_NO_COMMON_BLOCKS = YES;
				GCC_WARN_64_TO_32_BIT_CONVERSION = YES;
				GCC_WARN_ABOUT_RETURN_TYPE = YES_ERROR;
				GCC_WARN_UNDECLARED_SELECTOR = YES;
				GCC_WARN_UNINITIALIZED_AUTOS = YES_AGGRESSIVE;
				GCC_WARN_UNUSED_FUNCTION = YES;
				GCC_WARN_UNUSED_VARIABLE = YES;
				IPHONEOS_DEPLOYMENT_TARGET = 18.2;
				LOCALIZATION_PREFERS_STRING_CATALOGS = YES;
				MTL_ENABLE_DEBUG_INFO = NO;
				MTL_FAST_MATH = YES;
				SDKROOT = iphoneos;
				SWIFT_COMPILATION_MODE = wholemodule;
				VALIDATE_PRODUCT = YES;
			};
			name = Release;
		};
/* End XCBuildConfiguration section */

/* Begin XCConfigurationList section */
		DF9C709B2D81BAFA00F77B8B /* Build configuration list for PBXProject "MusicApp" */ = {
			isa = XCConfigurationList;
			buildConfigurations = (
				DF9C70B62D81BAFB00F77B8B /* Debug */,
				DF9C70B72D81BAFB00F77B8B /* Release */,
			);
			defaultConfigurationIsVisible = 0;
			defaultConfigurationName = Release;
		};
		DF9C70B32D81BAFB00F77B8B /* Build configuration list for PBXNativeTarget "MusicApp" */ = {
			isa = XCConfigurationList;
			buildConfigurations = (
				DF9C70B42D81BAFB00F77B8B /* Debug */,
				DF9C70B52D81BAFB00F77B8B /* Release */,
			);
			defaultConfigurationIsVisible = 0;
			defaultConfigurationName = Release;
		};
/* End XCConfigurationList section */
	};
	rootObject = DF9C70982D81BAFA00F77B8B /* Project object */;
}
